
Microsoft Visual Studio Solution File, Format Version 12.00
# Visual Studio Version 17
VisualStudioVersion = 17.9.34616.47
MinimumVisualStudioVersion = 10.0.40219.1
Project("{FAE04EC0-301F-11D3-BF4B-00C04F79EFBC}") = "CoffeeStore", "CoffeeStore\CoffeeStore.csproj", "{B4DE94DE-8D82-4F8C-8FF0-B16E7FF09BA5}"
EndProject
Project("{FAE04EC0-301F-11D3-BF4B-00C04F79EFBC}") = "CoffeeStore.BuiesnessLogic", "CoffeeStore.BuiesnessLogic\CoffeeStore.BuiesnessLogic.csproj", "{0B23DDAB-1335-4CE7-8D95-64B159A55C8A}"
EndProject
Project("{FAE04EC0-301F-11D3-BF4B-00C04F79EFBC}") = "CoffeeStore.Domain", "CoffeeStore.Domain\CoffeeStore.Domain.csproj", "{A2DE3216-586C-4E84-97BE-2F70BC2490F2}"
EndProject
Global
	GlobalSection(SolutionConfigurationPlatforms) = preSolution
		Debug|Any CPU = Debug|Any CPU
		Release|Any CPU = Release|Any CPU
	EndGlobalSection
	GlobalSection(ProjectConfigurationPlatforms) = postSolution
		{B4DE94DE-8D82-4F8C-8FF0-B16E7FF09BA5}.Debug|Any CPU.ActiveCfg = Debug|Any CPU
		{B4DE94DE-8D82-4F8C-8FF0-B16E7FF09BA5}.Debug|Any CPU.Build.0 = Debug|Any CPU
		{B4DE94DE-8D82-4F8C-8FF0-B16E7FF09BA5}.Release|Any CPU.ActiveCfg = Release|Any CPU
		{B4DE94DE-8D82-4F8C-8FF0-B16E7FF09BA5}.Release|Any CPU.Build.0 = Release|Any CPU
		{0B23DDAB-1335-4CE7-8D95-64B159A55C8A}.Debug|Any CPU.ActiveCfg = Debug|Any CPU
		{0B23DDAB-1335-4CE7-8D95-64B159A55C8A}.Debug|Any CPU.Build.0 = Debug|Any CPU
		{0B23DDAB-1335-4CE7-8D95-64B159A55C8A}.Release|Any CPU.ActiveCfg = Release|Any CPU
		{0B23DDAB-1335-4CE7-8D95-64B159A55C8A}.Release|Any CPU.Build.0 = Release|Any CPU
		{A2DE3216-586C-4E84-97BE-2F70BC2490F2}.Debug|Any CPU.ActiveCfg = Debug|Any CPU
		{A2DE3216-586C-4E84-97BE-2F70BC2490F2}.Debug|Any CPU.Build.0 = Debug|Any CPU
		{A2DE3216-586C-4E84-97BE-2F70BC2490F2}.Release|Any CPU.ActiveCfg = Release|Any CPU
		{A2DE3216-586C-4E84-97BE-2F70BC2490F2}.Release|Any CPU.Build.0 = Release|Any CPU
	EndGlobalSection
	GlobalSection(SolutionProperties) = preSolution
		HideSolutionNode = FALSE
	EndGlobalSection
	GlobalSection(ExtensibilityGlobals) = postSolution
		SolutionGuid = {E5647DCA-A8D6-4963-A254-67FAE1311980}
	EndGlobalSection
EndGlobal
